
Microsoft Visual Studio Solution File, Format Version 12.00
# Visual Studio Version 17
VisualStudioVersion = 17.8.34511.84
MinimumVisualStudioVersion = 10.0.40219.1
Project("{FAE04EC0-301F-11D3-BF4B-00C04F79EFBC}") = "FunlandV3", "FunlandV3.csproj", "{1B2BF872-B46C-4CA8-9D7F-39130FA4BEBB}"
EndProject
Global
	GlobalSection(SolutionConfigurationPlatforms) = preSolution
		Debug|Any CPU = Debug|Any CPU
		Release|Any CPU = Release|Any CPU
	EndGlobalSection
	GlobalSection(ProjectConfigurationPlatforms) = postSolution
		{1B2BF872-B46C-4CA8-9D7F-39130FA4BEBB}.Debug|Any CPU.ActiveCfg = Debug|Any CPU
		{1B2BF872-B46C-4CA8-9D7F-39130FA4BEBB}.Debug|Any CPU.Build.0 = Debug|Any CPU
		{1B2BF872-B46C-4CA8-9D7F-39130FA4BEBB}.Release|Any CPU.ActiveCfg = Release|Any CPU
		{1B2BF872-B46C-4CA8-9D7F-39130FA4BEBB}.Release|Any CPU.Build.0 = Release|Any CPU
	EndGlobalSection
	GlobalSection(SolutionProperties) = preSolution
		HideSolutionNode = FALSE
	EndGlobalSection
	GlobalSection(ExtensibilityGlobals) = postSolution
		SolutionGuid = {6C425BD7-0491-4BCF-9920-E58D02568EC8}
	EndGlobalSection
EndGlobal
